
Microsoft Visual Studio Solution File, Format Version 12.00
# Visual Studio Version 16
VisualStudioVersion = 16.0.31515.178
MinimumVisualStudioVersion = 10.0.40219.1
Project("{FAE04EC0-301F-11D3-BF4B-00C04F79EFBC}") = "SurveillanceCamWinApp", "SurveillanceCamWinApp\SurveillanceCamWinApp.csproj", "{E09BE24D-90F8-4731-A7AE-EB52FACC92B6}"
EndProject
Project("{2150E333-8FDC-42A3-9474-1A3956D46DE8}") = "Solution Items", "Solution Items", "{BA61B5B1-3670-41EA-A9E7-5C39BEC4F43C}"
	ProjectSection(SolutionItems) = preProject
		README.md = README.md
		surv-main-ss.png = surv-main-ss.png
		todo.txt = todo.txt
	EndProjectSection
EndProject
Global
	GlobalSection(SolutionConfigurationPlatforms) = preSolution
		Debug|Any CPU = Debug|Any CPU
		Release|Any CPU = Release|Any CPU
	EndGlobalSection
	GlobalSection(ProjectConfigurationPlatforms) = postSolution
		{E09BE24D-90F8-4731-A7AE-EB52FACC92B6}.Debug|Any CPU.ActiveCfg = Debug|Any CPU
		{E09BE24D-90F8-4731-A7AE-EB52FACC92B6}.Debug|Any CPU.Build.0 = Debug|Any CPU
		{E09BE24D-90F8-4731-A7AE-EB52FACC92B6}.Release|Any CPU.ActiveCfg = Release|Any CPU
		{E09BE24D-90F8-4731-A7AE-EB52FACC92B6}.Release|Any CPU.Build.0 = Release|Any CPU
	EndGlobalSection
	GlobalSection(SolutionProperties) = preSolution
		HideSolutionNode = FALSE
	EndGlobalSection
	GlobalSection(ExtensibilityGlobals) = postSolution
		SolutionGuid = {27B63602-00E3-4F4C-A056-8F2E6C135A13}
	EndGlobalSection
EndGlobal
